// !$*UTF8*$!
{
	archiveVersion = 1;
	classes = {
	};
	objectVersion = 46;
	objects = {

/* Begin PBXBuildFile section */
		AD3AA77C1D1016C800C70F82 /* main.m in Sources */ = {isa = PBXBuildFile; fileRef = AD3AA77B1D1016C800C70F82 /* main.m */; };
		AD3AA77F1D1016C800C70F82 /* AppDelegate.m in Sources */ = {isa = PBXBuildFile; fileRef = AD3AA77E1D1016C800C70F82 /* AppDelegate.m */; };
		AD3AA7821D1016C800C70F82 /* ViewController.m in Sources */ = {isa = PBXBuildFile; fileRef = AD3AA7811D1016C800C70F82 /* ViewController.m */; };
		AD3AA7851D1016C800C70F82 /* Main.storyboard in Resources */ = {isa = PBXBuildFile; fileRef = AD3AA7831D1016C800C70F82 /* Main.storyboard */; };
		AD3AA7871D1016C800C70F82 /* Assets.xcassets in Resources */ = {isa = PBXBuildFile; fileRef = AD3AA7861D1016C800C70F82 /* Assets.xcassets */; };
		AD3AA78A1D1016C800C70F82 /* LaunchScreen.storyboard in Resources */ = {isa = PBXBuildFile; fileRef = AD3AA7881D1016C800C70F82 /* LaunchScreen.storyboard */; };
		AD3AA7951D1016C800C70F82 /* testaaaaaaTests.m in Sources */ = {isa = PBXBuildFile; fileRef = AD3AA7941D1016C800C70F82 /* testaaaaaaTests.m */; };
		AD3AA7A01D1016C800C70F82 /* testaaaaaaUITests.m in Sources */ = {isa = PBXBuildFile; fileRef = AD3AA79F1D1016C800C70F82 /* testaaaaaaUITests.m */; };
/* End PBXBuildFile section */

/* Begin PBXContainerItemProxy section */
		AD3AA7911D1016C800C70F82 /* PBXContainerItemProxy */ = {
			isa = PBXContainerItemProxy;
			containerPortal = AD3AA76F1D1016C800C70F82 /* Project object */;
			proxyType = 1;
			remoteGlobalIDString = AD3AA7761D1016C800C70F82;
			remoteInfo = testaaaaaa;
		};
		AD3AA79C1D1016C800C70F82 /* PBXContainerItemProxy */ = {
			isa = PBXContainerItemProxy;
			containerPortal = AD3AA76F1D1016C800C70F82 /* Project object */;
			proxyType = 1;
			remoteGlobalIDString = AD3AA7761D1016C800C70F82;
			remoteInfo = testaaaaaa;
		};
/* End PBXContainerItemProxy section */

/* Begin PBXFileReference section */
		AD3AA7771D1016C800C70F82 /* testaaaaaa.app */ = {isa = PBXFileReference; explicitFileType = wrapper.application; includeInIndex = 0; path = testaaaaaa.app; sourceTree = BUILT_PRODUCTS_DIR; };
		AD3AA77B1D1016C800C70F82 /* main.m */ = {isa = PBXFileReference; lastKnownFileType = sourcecode.c.objc; path = main.m; sourceTree = "<group>"; };
		AD3AA77D1D1016C800C70F82 /* AppDelegate.h */ = {isa = PBXFileReference; lastKnownFileType = sourcecode.c.h; path = AppDelegate.h; sourceTree = "<group>"; };
		AD3AA77E1D1016C800C70F82 /* AppDelegate.m */ = {isa = PBXFileReference; lastKnownFileType = sourcecode.c.objc; path = AppDelegate.m; sourceTree = "<group>"; };
		AD3AA7801D1016C800C70F82 /* ViewController.h */ = {isa = PBXFileReference; lastKnownFileType = sourcecode.c.h; path = ViewController.h; sourceTree = "<group>"; };
		AD3AA7811D1016C800C70F82 /* ViewController.m */ = {isa = PBXFileReference; lastKnownFileType = sourcecode.c.objc; path = ViewController.m; sourceTree = "<group>"; };
		AD3AA7841D1016C800C70F82 /* Base */ = {isa = PBXFileReference; lastKnownFileType = file.storyboard; name = Base; path = Base.lproj/Main.storyboard; sourceTree = "<group>"; };
		AD3AA7861D1016C800C70F82 /* Assets.xcassets */ = {isa = PBXFileReference; lastKnownFileType = folder.assetcatalog; path = Assets.xcassets; sourceTree = "<group>"; };
		AD3AA7891D1016C800C70F82 /* Base */ = {isa = PBXFileReference; lastKnownFileType = file.storyboard; name = Base; path = Base.lproj/LaunchScreen.storyboard; sourceTree = "<group>"; };
		AD3AA78B1D1016C800C70F82 /* Info.plist */ = {isa = PBXFileReference; lastKnownFileType = text.plist.xml; path = Info.plist; sourceTree = "<group>"; };
		AD3AA7901D1016C800C70F82 /* testaaaaaaTests.xctest */ = {isa = PBXFileReference; explicitFileType = wrapper.cfbundle; includeInIndex = 0; path = testaaaaaaTests.xctest; sourceTree = BUILT_PRODUCTS_DIR; };
		AD3AA7941D1016C800C70F82 /* testaaaaaaTests.m */ = {isa = PBXFileReference; lastKnownFileType = sourcecode.c.objc; path = testaaaaaaTests.m; sourceTree = "<group>"; };
		AD3AA7961D1016C800C70F82 /* Info.plist */ = {isa = PBXFileReference; lastKnownFileType = text.plist.xml; path = Info.plist; sourceTree = "<group>"; };
		AD3AA79B1D1016C800C70F82 /* testaaaaaaUITests.xctest */ = {isa = PBXFileReference; explicitFileType = wrapper.cfbundle; includeInIndex = 0; path = testaaaaaaUITests.xctest; sourceTree = BUILT_PRODUCTS_DIR; };
		AD3AA79F1D1016C800C70F82 /* testaaaaaaUITests.m */ = {isa = PBXFileReference; lastKnownFileType = sourcecode.c.objc; path = testaaaaaaUITests.m; sourceTree = "<group>"; };
		AD3AA7A11D1016C800C70F82 /* Info.plist */ = {isa = PBXFileReference; lastKnownFileType = text.plist.xml; path = Info.plist; sourceTree = "<group>"; };
/* End PBXFileReference section */

/* Begin PBXFrameworksBuildPhase section */
		AD3AA7741D1016C800C70F82 /* Frameworks */ = {
			isa = PBXFrameworksBuildPhase;
			buildActionMask = 2147483647;
			files = (
			);
			runOnlyForDeploymentPostprocessing = 0;
		};
		AD3AA78D1D1016C800C70F82 /* Frameworks */ = {
			isa = PBXFrameworksBuildPhase;
			buildActionMask = 2147483647;
			files = (
			);
			runOnlyForDeploymentPostprocessing = 0;
		};
		AD3AA7981D1016C800C70F82 /* Frameworks */ = {
			isa = PBXFrameworksBuildPhase;
			buildActionMask = 2147483647;
			files = (
			);
			runOnlyForDeploymentPostprocessing = 0;
		};
/* End PBXFrameworksBuildPhase section */

/* Begin PBXGroup section */
		AD3AA76E1D1016C800C70F82 = {
			isa = PBXGroup;
			children = (
				AD3AA7791D1016C800C70F82 /* testaaaaaa */,
				AD3AA7931D1016C800C70F82 /* testaaaaaaTests */,
				AD3AA79E1D1016C800C70F82 /* testaaaaaaUITests */,
				AD3AA7781D1016C800C70F82 /* Products */,
			);
			sourceTree = "<group>";
		};
		AD3AA7781D1016C800C70F82 /* Products */ = {
			isa = PBXGroup;
			children = (
				AD3AA7771D1016C800C70F82 /* testaaaaaa.app */,
				AD3AA7901D1016C800C70F82 /* testaaaaaaTests.xctest */,
				AD3AA79B1D1016C800C70F82 /* testaaaaaaUITests.xctest */,
			);
			name = Products;
			sourceTree = "<group>";
		};
		AD3AA7791D1016C800C70F82 /* testaaaaaa */ = {
			isa = PBXGroup;
			children = (
				AD3AA77D1D1016C800C70F82 /* AppDelegate.h */,
				AD3AA77E1D1016C800C70F82 /* AppDelegate.m */,
				AD3AA7801D1016C800C70F82 /* ViewController.h */,
				AD3AA7811D1016C800C70F82 /* ViewController.m */,
				AD3AA7831D1016C800C70F82 /* Main.storyboard */,
				AD3AA7861D1016C800C70F82 /* Assets.xcassets */,
				AD3AA7881D1016C800C70F82 /* LaunchScreen.storyboard */,
				AD3AA78B1D1016C800C70F82 /* Info.plist */,
				AD3AA77A1D1016C800C70F82 /* Supporting Files */,
			);
			path = testaaaaaa;
			sourceTree = "<group>";
		};
		AD3AA77A1D1016C800C70F82 /* Supporting Files */ = {
			isa = PBXGroup;
			children = (
				AD3AA77B1D1016C800C70F82 /* main.m */,
			);
			name = "Supporting Files";
			sourceTree = "<group>";
		};
		AD3AA7931D1016C800C70F82 /* testaaaaaaTests */ = {
			isa = PBXGroup;
			children = (
				AD3AA7941D1016C800C70F82 /* testaaaaaaTests.m */,
				AD3AA7961D1016C800C70F82 /* Info.plist */,
			);
			path = testaaaaaaTests;
			sourceTree = "<group>";
		};
		AD3AA79E1D1016C800C70F82 /* testaaaaaaUITests */ = {
			isa = PBXGroup;
			children = (
				AD3AA79F1D1016C800C70F82 /* testaaaaaaUITests.m */,
				AD3AA7A11D1016C800C70F82 /* Info.plist */,
			);
			path = testaaaaaaUITests;
			sourceTree = "<group>";
		};
/* End PBXGroup section */

/* Begin PBXNativeTarget section */
		AD3AA7761D1016C800C70F82 /* testaaaaaa */ = {
			isa = PBXNativeTarget;
			buildConfigurationList = AD3AA7A41D1016C800C70F82 /* Build configuration list for PBXNativeTarget "testaaaaaa" */;
			buildPhases = (
				AD3AA7731D1016C800C70F82 /* Sources */,
				AD3AA7741D1016C800C70F82 /* Frameworks */,
				AD3AA7751D1016C800C70F82 /* Resources */,
			);
			buildRules = (
			);
			dependencies = (
			);
			name = testaaaaaa;
			productName = testaaaaaa;
			productReference = AD3AA7771D1016C800C70F82 /* testaaaaaa.app */;
			productType = "com.apple.product-type.application";
		};
		AD3AA78F1D1016C800C70F82 /* testaaaaaaTests */ = {
			isa = PBXNativeTarget;
			buildConfigurationList = AD3AA7A71D1016C800C70F82 /* Build configuration list for PBXNativeTarget "testaaaaaaTests" */;
			buildPhases = (
				AD3AA78C1D1016C800C70F82 /* Sources */,
				AD3AA78D1D1016C800C70F82 /* Frameworks */,
				AD3AA78E1D1016C800C70F82 /* Resources */,
			);
			buildRules = (
			);
			dependencies = (
				AD3AA7921D1016C800C70F82 /* PBXTargetDependency */,
			);
			name = testaaaaaaTests;
			productName = testaaaaaaTests;
			productReference = AD3AA7901D1016C800C70F82 /* testaaaaaaTests.xctest */;
			productType = "com.apple.product-type.bundle.unit-test";
		};
		AD3AA79A1D1016C800C70F82 /* testaaaaaaUITests */ = {
			isa = PBXNativeTarget;
			buildConfigurationList = AD3AA7AA1D1016C800C70F82 /* Build configuration list for PBXNativeTarget "testaaaaaaUITests" */;
			buildPhases = (
				AD3AA7971D1016C800C70F82 /* Sources */,
				AD3AA7981D1016C800C70F82 /* Frameworks */,
				AD3AA7991D1016C800C70F82 /* Resources */,
			);
			buildRules = (
			);
			dependencies = (
				AD3AA79D1D1016C800C70F82 /* PBXTargetDependency */,
			);
			name = testaaaaaaUITests;
			productName = testaaaaaaUITests;
			productReference = AD3AA79B1D1016C800C70F82 /* testaaaaaaUITests.xctest */;
			productType = "com.apple.product-type.bundle.ui-testing";
		};
/* End PBXNativeTarget section */

/* Begin PBXProject section */
		AD3AA76F1D1016C800C70F82 /* Project object */ = {
			isa = PBXProject;
			attributes = {
				LastUpgradeCheck = 0720;
				ORGANIZATIONNAME = Marcello;
				TargetAttributes = {
					AD3AA7761D1016C800C70F82 = {
						CreatedOnToolsVersion = 7.2.1;
						DevelopmentTeam = HA79E8823H;
					};
					AD3AA78F1D1016C800C70F82 = {
						CreatedOnToolsVersion = 7.2.1;
						DevelopmentTeam = HA79E8823H;
						TestTargetID = AD3AA7761D1016C800C70F82;
					};
					AD3AA79A1D1016C800C70F82 = {
						CreatedOnToolsVersion = 7.2.1;
						DevelopmentTeam = HA79E8823H;
						TestTargetID = AD3AA7761D1016C800C70F82;
					};
				};
			};
			buildConfigurationList = AD3AA7721D1016C800C70F82 /* Build configuration list for PBXProject "testaaaaaa" */;
			compatibilityVersion = "Xcode 3.2";
			developmentRegion = English;
			hasScannedForEncodings = 0;
			knownRegions = (
				en,
				Base,
			);
			mainGroup = AD3AA76E1D1016C800C70F82;
			productRefGroup = AD3AA7781D1016C800C70F82 /* Products */;
			projectDirPath = "";
			projectRoot = "";
			targets = (
				AD3AA7761D1016C800C70F82 /* testaaaaaa */,
				AD3AA78F1D1016C800C70F82 /* testaaaaaaTests */,
				AD3AA79A1D1016C800C70F82 /* testaaaaaaUITests */,
			);
		};
/* End PBXProject section */

/* Begin PBXResourcesBuildPhase section */
		AD3AA7751D1016C800C70F82 /* Resources */ = {
			isa = PBXResourcesBuildPhase;
			buildActionMask = 2147483647;
			files = (
				AD3AA78A1D1016C800C70F82 /* LaunchScreen.storyboard in Resources */,
				AD3AA7871D1016C800C70F82 /* Assets.xcassets in Resources */,
				AD3AA7851D1016C800C70F82 /* Main.storyboard in Resources */,
			);
			runOnlyForDeploymentPostprocessing = 0;
		};
		AD3AA78E1D1016C800C70F82 /* Resources */ = {
			isa = PBXResourcesBuildPhase;
			buildActionMask = 2147483647;
			files = (
			);
			runOnlyForDeploymentPostprocessing = 0;
		};
		AD3AA7991D1016C800C70F82 /* Resources */ = {
			isa = PBXResourcesBuildPhase;
			buildActionMask = 2147483647;
			files = (
			);
			runOnlyForDeploymentPostprocessing = 0;
		};
/* End PBXResourcesBuildPhase section */

/* Begin PBXSourcesBuildPhase section */
		AD3AA7731D1016C800C70F82 /* Sources */ = {
			isa = PBXSourcesBuildPhase;
			buildActionMask = 2147483647;
			files = (
				AD3AA7821D1016C800C70F82 /* ViewController.m in Sources */,
				AD3AA77F1D1016C800C70F82 /* AppDelegate.m in Sources */,
				AD3AA77C1D1016C800C70F82 /* main.m in Sources */,
			);
			runOnlyForDeploymentPostprocessing = 0;
		};
		AD3AA78C1D1016C800C70F82 /* Sources */ = {
			isa = PBXSourcesBuildPhase;
			buildActionMask = 2147483647;
			files = (
				AD3AA7951D1016C800C70F82 /* testaaaaaaTests.m in Sources */,
			);
			runOnlyForDeploymentPostprocessing = 0;
		};
		AD3AA7971D1016C800C70F82 /* Sources */ = {
			isa = PBXSourcesBuildPhase;
			buildActionMask = 2147483647;
			files = (
				AD3AA7A01D1016C800C70F82 /* testaaaaaaUITests.m in Sources */,
			);
			runOnlyForDeploymentPostprocessing = 0;
		};
/* End PBXSourcesBuildPhase section */

/* Begin PBXTargetDependency section */
		AD3AA7921D1016C800C70F82 /* PBXTargetDependency */ = {
			isa = PBXTargetDependency;
			target = AD3AA7761D1016C800C70F82 /* testaaaaaa */;
			targetProxy = AD3AA7911D1016C800C70F82 /* PBXContainerItemProxy */;
		};
		AD3AA79D1D1016C800C70F82 /* PBXTargetDependency */ = {
			isa = PBXTargetDependency;
			target = AD3AA7761D1016C800C70F82 /* testaaaaaa */;
			targetProxy = AD3AA79C1D1016C800C70F82 /* PBXContainerItemProxy */;
		};
/* End PBXTargetDependency section */

/* Begin PBXVariantGroup section */
		AD3AA7831D1016C800C70F82 /* Main.storyboard */ = {
			isa = PBXVariantGroup;
			children = (
				AD3AA7841D1016C800C70F82 /* Base */,
			);
			name = Main.storyboard;
			sourceTree = "<group>";
		};
		AD3AA7881D1016C800C70F82 /* LaunchScreen.storyboard */ = {
			isa = PBXVariantGroup;
			children = (
				AD3AA7891D1016C800C70F82 /* Base */,
			);
			name = LaunchScreen.storyboard;
			sourceTree = "<group>";
		};
/* End PBXVariantGroup section */

/* Begin XCBuildConfiguration section */
		AD3AA7A21D1016C800C70F82 /* Debug */ = {
			isa = XCBuildConfiguration;
			buildSettings = {
				ALWAYS_SEARCH_USER_PATHS = NO;
				CLANG_CXX_LANGUAGE_STANDARD = "gnu++0x";
				CLANG_CXX_LIBRARY = "libc++";
				CLANG_ENABLE_MODULES = YES;
				CLANG_ENABLE_OBJC_ARC = YES;
				CLANG_WARN_BOOL_CONVERSION = YES;
				CLANG_WARN_CONSTANT_CONVERSION = YES;
				CLANG_WARN_DIRECT_OBJC_ISA_USAGE = YES_ERROR;
				CLANG_WARN_EMPTY_BODY = YES;
				CLANG_WARN_ENUM_CONVERSION = YES;
				CLANG_WARN_INT_CONVERSION = YES;
				CLANG_WARN_OBJC_ROOT_CLASS = YES_ERROR;
				CLANG_WARN_UNREACHABLE_CODE = YES;
				CLANG_WARN__DUPLICATE_METHOD_MATCH = YES;
				"CODE_SIGN_IDENTITY[sdk=iphoneos*]" = "iPhone Developer";
				COPY_PHASE_STRIP = NO;
				DEBUG_INFORMATION_FORMAT = dwarf;
				ENABLE_STRICT_OBJC_MSGSEND = YES;
				ENABLE_TESTABILITY = YES;
				GCC_C_LANGUAGE_STANDARD = gnu99;
				GCC_DYNAMIC_NO_PIC = NO;
				GCC_NO_COMMON_BLOCKS = YES;
				GCC_OPTIMIZATION_LEVEL = 0;
				GCC_PREPROCESSOR_DEFINITIONS = (
					"DEBUG=1",
					"$(inherited)",
				);
				GCC_WARN_64_TO_32_BIT_CONVERSION = YES;
				GCC_WARN_ABOUT_RETURN_TYPE = YES_ERROR;
				GCC_WARN_UNDECLARED_SELECTOR = YES;
				GCC_WARN_UNINITIALIZED_AUTOS = YES_AGGRESSIVE;
				GCC_WARN_UNUSED_FUNCTION = YES;
				GCC_WARN_UNUSED_VARIABLE = YES;
				IPHONEOS_DEPLOYMENT_TARGET = 9.2;
				MTL_ENABLE_DEBUG_INFO = YES;
				ONLY_ACTIVE_ARCH = YES;
				SDKROOT = iphoneos;
				TARGETED_DEVICE_FAMILY = "1,2";
			};
			name = Debug;
		};
		AD3AA7A31D1016C800C70F82 /* Release */ = {
			isa = XCBuildConfiguration;
			buildSettings = {
				ALWAYS_SEARCH_USER_PATHS = NO;
				CLANG_CXX_LANGUAGE_STANDARD = "gnu++0x";
				CLANG_CXX_LIBRARY = "libc++";
				CLANG_ENABLE_MODULES = YES;
				CLANG_ENABLE_OBJC_ARC = YES;
				CLANG_WARN_BOOL_CONVERSION = YES;
				CLANG_WARN_CONSTANT_CONVERSION = YES;
				CLANG_WARN_DIRECT_OBJC_ISA_USAGE = YES_ERROR;
				CLANG_WARN_EMPTY_BODY = YES;
				CLANG_WARN_ENUM_CONVERSION = YES;
				CLANG_WARN_INT_CONVERSION = YES;
				CLANG_WARN_OBJC_ROOT_CLASS = YES_ERROR;
				CLANG_WARN_UNREACHABLE_CODE = YES;
				CLANG_WARN__DUPLICATE_METHOD_MATCH = YES;
				"CODE_SIGN_IDENTITY[sdk=iphoneos*]" = "iPhone Developer";
				COPY_PHASE_STRIP = NO;
				DEBUG_INFORMATION_FORMAT = "dwarf-with-dsym";
				ENABLE_NS_ASSERTIONS = NO;
				ENABLE_STRICT_OBJC_MSGSEND = YES;
				GCC_C_LANGUAGE_STANDARD = gnu99;
				GCC_NO_COMMON_BLOCKS = YES;
				GCC_WARN_64_TO_32_BIT_CONVERSION = YES;
				GCC_WARN_ABOUT_RETURN_TYPE = YES_ERROR;
				GCC_WARN_UNDECLARED_SELECTOR = YES;
				GCC_WARN_UNINITIALIZED_AUTOS = YES_AGGRESSIVE;
				GCC_WARN_UNUSED_FUNCTION = YES;
				GCC_WARN_UNUSED_VARIABLE = YES;
				IPHONEOS_DEPLOYMENT_TARGET = 9.2;
				MTL_ENABLE_DEBUG_INFO = NO;
				SDKROOT = iphoneos;
				TARGETED_DEVICE_FAMILY = "1,2";
				VALIDATE_PRODUCT = YES;
			};
			name = Release;
		};
		AD3AA7A51D1016C800C70F82 /* Debug */ = {
			isa = XCBuildConfiguration;
			buildSettings = {
				ASSETCATALOG_COMPILER_APPICON_NAME = AppIcon;
				INFOPLIST_FILE = testaaaaaa/Info.plist;
				LD_RUNPATH_SEARCH_PATHS = "$(inherited) @executable_path/Frameworks";
				PRODUCT_BUNDLE_IDENTIFIER = itheima.com.testaaaaaa;
				PRODUCT_NAME = "$(TARGET_NAME)";
			};
			name = Debug;
		};
		AD3AA7A61D1016C800C70F82 /* Release */ = {
			isa = XCBuildConfiguration;
			buildSettings = {
				ASSETCATALOG_COMPILER_APPICON_NAME = AppIcon;
				INFOPLIST_FILE = testaaaaaa/Info.plist;
				LD_RUNPATH_SEARCH_PATHS = "$(inherited) @executable_path/Frameworks";
				PRODUCT_BUNDLE_IDENTIFIER = itheima.com.testaaaaaa;
				PRODUCT_NAME = "$(TARGET_NAME)";
			};
			name = Release;
		};
		AD3AA7A81D1016C800C70F82 /* Debug */ = {
			isa = XCBuildConfiguration;
			buildSettings = {
				BUNDLE_LOADER = "$(TEST_HOST)";
				INFOPLIST_FILE = testaaaaaaTests/Info.plist;
				LD_RUNPATH_SEARCH_PATHS = "$(inherited) @executable_path/Frameworks @loader_path/Frameworks";
				PRODUCT_BUNDLE_IDENTIFIER = itheima.com.testaaaaaaTests;
				PRODUCT_NAME = "$(TARGET_NAME)";
				TEST_HOST = "$(BUILT_PRODUCTS_DIR)/testaaaaaa.app/testaaaaaa";
			};
			name = Debug;
		};
		AD3AA7A91D1016C800C70F82 /* Release */ = {
			isa = XCBuildConfiguration;
			buildSettings = {
				BUNDLE_LOADER = "$(TEST_HOST)";
				INFOPLIST_FILE = testaaaaaaTests/Info.plist;
				LD_RUNPATH_SEARCH_PATHS = "$(inherited) @executable_path/Frameworks @loader_path/Frameworks";
				PRODUCT_BUNDLE_IDENTIFIER = itheima.com.testaaaaaaTests;
				PRODUCT_NAME = "$(TARGET_NAME)";
				TEST_HOST = "$(BUILT_PRODUCTS_DIR)/testaaaaaa.app/testaaaaaa";
			};
			name = Release;
		};
		AD3AA7AB1D1016C800C70F82 /* Debug */ = {
			isa = XCBuildConfiguration;
			buildSettings = {
				INFOPLIST_FILE = testaaaaaaUITests/Info.plist;
				LD_RUNPATH_SEARCH_PATHS = "$(inherited) @executable_path/Frameworks @loader_path/Frameworks";
				PRODUCT_BUNDLE_IDENTIFIER = itheima.com.testaaaaaaUITests;
				PRODUCT_NAME = "$(TARGET_NAME)";
				TEST_TARGET_NAME = testaaaaaa;
				USES_XCTRUNNER = YES;
			};
			name = Debug;
		};
		AD3AA7AC1D1016C800C70F82 /* Release */ = {
			isa = XCBuildConfiguration;
			buildSettings = {
				INFOPLIST_FILE = testaaaaaaUITests/Info.plist;
				LD_RUNPATH_SEARCH_PATHS = "$(inherited) @executable_path/Frameworks @loader_path/Frameworks";
				PRODUCT_BUNDLE_IDENTIFIER = itheima.com.testaaaaaaUITests;
				PRODUCT_NAME = "$(TARGET_NAME)";
				TEST_TARGET_NAME = testaaaaaa;
				USES_XCTRUNNER = YES;
			};
			name = Release;
		};
/* End XCBuildConfiguration section */

/* Begin XCConfigurationList section */
		AD3AA7721D1016C800C70F82 /* Build configuration list for PBXProject "testaaaaaa" */ = {
			isa = XCConfigurationList;
			buildConfigurations = (
				AD3AA7A21D1016C800C70F82 /* Debug */,
				AD3AA7A31D1016C800C70F82 /* Release */,
			);
			defaultConfigurationIsVisible = 0;
			defaultConfigurationName = Release;
		};
		AD3AA7A41D1016C800C70F82 /* Build configuration list for PBXNativeTarget "testaaaaaa" */ = {
			isa = XCConfigurationList;
			buildConfigurations = (
				AD3AA7A51D1016C800C70F82 /* Debug */,
				AD3AA7A61D1016C800C70F82 /* Release */,
			);
			defaultConfigurationIsVisible = 0;
		};
		AD3AA7A71D1016C800C70F82 /* Build configuration list for PBXNativeTarget "testaaaaaaTests" */ = {
			isa = XCConfigurationList;
			buildConfigurations = (
				AD3AA7A81D1016C800C70F82 /* Debug */,
				AD3AA7A91D1016C800C70F82 /* Release */,
			);
			defaultConfigurationIsVisible = 0;
		};
		AD3AA7AA1D1016C800C70F82 /* Build configuration list for PBXNativeTarget "testaaaaaaUITests" */ = {
			isa = XCConfigurationList;
			buildConfigurations = (
				AD3AA7AB1D1016C800C70F82 /* Debug */,
				AD3AA7AC1D1016C800C70F82 /* Release */,
			);
			defaultConfigurationIsVisible = 0;
		};
/* End XCConfigurationList section */
	};
	rootObject = AD3AA76F1D1016C800C70F82 /* Project object */;
}
